// !$*UTF8*$!
{
	archiveVersion = 1;
	classes = {
	};
	objectVersion = 50;
	objects = {

/* Begin PBXBuildFile section */
		D6D87C23223201E40042FAEA /* AppDelegate.swift in Sources */ = {isa = PBXBuildFile; fileRef = D6D87C22223201E40042FAEA /* AppDelegate.swift */; };
		D6D87C25223201E40042FAEA /* ViewController.swift in Sources */ = {isa = PBXBuildFile; fileRef = D6D87C24223201E40042FAEA /* ViewController.swift */; };
		D6D87C28223201E40042FAEA /* Main.storyboard in Resources */ = {isa = PBXBuildFile; fileRef = D6D87C26223201E40042FAEA /* Main.storyboard */; };
		D6D87C2B223201E40042FAEA /* Finite.xcdatamodeld in Sources */ = {isa = PBXBuildFile; fileRef = D6D87C29223201E40042FAEA /* Finite.xcdatamodeld */; };
		D6D87C2D223201E60042FAEA /* Assets.xcassets in Resources */ = {isa = PBXBuildFile; fileRef = D6D87C2C223201E60042FAEA /* Assets.xcassets */; };
		D6D87C30223201E60042FAEA /* LaunchScreen.storyboard in Resources */ = {isa = PBXBuildFile; fileRef = D6D87C2E223201E60042FAEA /* LaunchScreen.storyboard */; };
		D6D87C3B223201E60042FAEA /* FiniteTests.swift in Sources */ = {isa = PBXBuildFile; fileRef = D6D87C3A223201E60042FAEA /* FiniteTests.swift */; };
/* End PBXBuildFile section */

/* Begin PBXContainerItemProxy section */
		D6D87C37223201E60042FAEA /* PBXContainerItemProxy */ = {
			isa = PBXContainerItemProxy;
			containerPortal = D6D87C17223201E40042FAEA /* Project object */;
			proxyType = 1;
			remoteGlobalIDString = D6D87C1E223201E40042FAEA;
			remoteInfo = Finite;
		};
/* End PBXContainerItemProxy section */

/* Begin PBXFileReference section */
		D6D87C1F223201E40042FAEA /* Finite.app */ = {isa = PBXFileReference; explicitFileType = wrapper.application; includeInIndex = 0; path = Finite.app; sourceTree = BUILT_PRODUCTS_DIR; };
		D6D87C22223201E40042FAEA /* AppDelegate.swift */ = {isa = PBXFileReference; lastKnownFileType = sourcecode.swift; path = AppDelegate.swift; sourceTree = "<group>"; };
		D6D87C24223201E40042FAEA /* ViewController.swift */ = {isa = PBXFileReference; lastKnownFileType = sourcecode.swift; path = ViewController.swift; sourceTree = "<group>"; };
		D6D87C27223201E40042FAEA /* Base */ = {isa = PBXFileReference; lastKnownFileType = file.storyboard; name = Base; path = Base.lproj/Main.storyboard; sourceTree = "<group>"; };
		D6D87C2A223201E40042FAEA /* Finite.xcdatamodel */ = {isa = PBXFileReference; lastKnownFileType = wrapper.xcdatamodel; path = Finite.xcdatamodel; sourceTree = "<group>"; };
		D6D87C2C223201E60042FAEA /* Assets.xcassets */ = {isa = PBXFileReference; lastKnownFileType = folder.assetcatalog; path = Assets.xcassets; sourceTree = "<group>"; };
		D6D87C2F223201E60042FAEA /* Base */ = {isa = PBXFileReference; lastKnownFileType = file.storyboard; name = Base; path = Base.lproj/LaunchScreen.storyboard; sourceTree = "<group>"; };
		D6D87C31223201E60042FAEA /* Info.plist */ = {isa = PBXFileReference; lastKnownFileType = text.plist.xml; path = Info.plist; sourceTree = "<group>"; };
		D6D87C36223201E60042FAEA /* FiniteTests.xctest */ = {isa = PBXFileReference; explicitFileType = wrapper.cfbundle; includeInIndex = 0; path = FiniteTests.xctest; sourceTree = BUILT_PRODUCTS_DIR; };
		D6D87C3A223201E60042FAEA /* FiniteTests.swift */ = {isa = PBXFileReference; lastKnownFileType = sourcecode.swift; path = FiniteTests.swift; sourceTree = "<group>"; };
		D6D87C3C223201E60042FAEA /* Info.plist */ = {isa = PBXFileReference; lastKnownFileType = text.plist.xml; path = Info.plist; sourceTree = "<group>"; };
/* End PBXFileReference section */

/* Begin PBXFrameworksBuildPhase section */
		D6D87C1C223201E40042FAEA /* Frameworks */ = {
			isa = PBXFrameworksBuildPhase;
			buildActionMask = 2147483647;
			files = (
			);
			runOnlyForDeploymentPostprocessing = 0;
		};
		D6D87C33223201E60042FAEA /* Frameworks */ = {
			isa = PBXFrameworksBuildPhase;
			buildActionMask = 2147483647;
			files = (
			);
			runOnlyForDeploymentPostprocessing = 0;
		};
/* End PBXFrameworksBuildPhase section */

/* Begin PBXGroup section */
		D6D87C16223201E40042FAEA = {
			isa = PBXGroup;
			children = (
				D6D87C21223201E40042FAEA /* Finite */,
				D6D87C39223201E60042FAEA /* FiniteTests */,
				D6D87C20223201E40042FAEA /* Products */,
			);
			sourceTree = "<group>";
		};
		D6D87C20223201E40042FAEA /* Products */ = {
			isa = PBXGroup;
			children = (
				D6D87C1F223201E40042FAEA /* Finite.app */,
				D6D87C36223201E60042FAEA /* FiniteTests.xctest */,
			);
			name = Products;
			sourceTree = "<group>";
		};
		D6D87C21223201E40042FAEA /* Finite */ = {
			isa = PBXGroup;
			children = (
				D6D87C22223201E40042FAEA /* AppDelegate.swift */,
				D6D87C24223201E40042FAEA /* ViewController.swift */,
				D6D87C26223201E40042FAEA /* Main.storyboard */,
				D6D87C2C223201E60042FAEA /* Assets.xcassets */,
				D6D87C2E223201E60042FAEA /* LaunchScreen.storyboard */,
				D6D87C31223201E60042FAEA /* Info.plist */,
				D6D87C29223201E40042FAEA /* Finite.xcdatamodeld */,
			);
			path = Finite;
			sourceTree = "<group>";
		};
		D6D87C39223201E60042FAEA /* FiniteTests */ = {
			isa = PBXGroup;
			children = (
				D6D87C3A223201E60042FAEA /* FiniteTests.swift */,
				D6D87C3C223201E60042FAEA /* Info.plist */,
			);
			path = FiniteTests;
			sourceTree = "<group>";
		};
/* End PBXGroup section */

/* Begin PBXNativeTarget section */
		D6D87C1E223201E40042FAEA /* Finite */ = {
			isa = PBXNativeTarget;
			buildConfigurationList = D6D87C3F223201E60042FAEA /* Build configuration list for PBXNativeTarget "Finite" */;
			buildPhases = (
				D6D87C1B223201E40042FAEA /* Sources */,
				D6D87C1C223201E40042FAEA /* Frameworks */,
				D6D87C1D223201E40042FAEA /* Resources */,
			);
			buildRules = (
			);
			dependencies = (
			);
			name = Finite;
			productName = Finite;
			productReference = D6D87C1F223201E40042FAEA /* Finite.app */;
			productType = "com.apple.product-type.application";
		};
		D6D87C35223201E60042FAEA /* FiniteTests */ = {
			isa = PBXNativeTarget;
			buildConfigurationList = D6D87C42223201E60042FAEA /* Build configuration list for PBXNativeTarget "FiniteTests" */;
			buildPhases = (
				D6D87C32223201E60042FAEA /* Sources */,
				D6D87C33223201E60042FAEA /* Frameworks */,
				D6D87C34223201E60042FAEA /* Resources */,
			);
			buildRules = (
			);
			dependencies = (
				D6D87C38223201E60042FAEA /* PBXTargetDependency */,
			);
			name = FiniteTests;
			productName = FiniteTests;
			productReference = D6D87C36223201E60042FAEA /* FiniteTests.xctest */;
			productType = "com.apple.product-type.bundle.unit-test";
		};
/* End PBXNativeTarget section */

/* Begin PBXProject section */
		D6D87C17223201E40042FAEA /* Project object */ = {
			isa = PBXProject;
			attributes = {
				LastSwiftUpdateCheck = 1000;
				LastUpgradeCheck = 1000;
				ORGANIZATIONNAME = itsababseh;
				TargetAttributes = {
					D6D87C1E223201E40042FAEA = {
						CreatedOnToolsVersion = 10.0;
					};
					D6D87C35223201E60042FAEA = {
						CreatedOnToolsVersion = 10.0;
						TestTargetID = D6D87C1E223201E40042FAEA;
					};
				};
			};
			buildConfigurationList = D6D87C1A223201E40042FAEA /* Build configuration list for PBXProject "Finite" */;
			compatibilityVersion = "Xcode 9.3";
			developmentRegion = en;
			hasScannedForEncodings = 0;
			knownRegions = (
				en,
				Base,
			);
			mainGroup = D6D87C16223201E40042FAEA;
			productRefGroup = D6D87C20223201E40042FAEA /* Products */;
			projectDirPath = "";
			projectRoot = "";
			targets = (
				D6D87C1E223201E40042FAEA /* Finite */,
				D6D87C35223201E60042FAEA /* FiniteTests */,
			);
		};
/* End PBXProject section */

/* Begin PBXResourcesBuildPhase section */
		D6D87C1D223201E40042FAEA /* Resources */ = {
			isa = PBXResourcesBuildPhase;
			buildActionMask = 2147483647;
			files = (
				D6D87C30223201E60042FAEA /* LaunchScreen.storyboard in Resources */,
				D6D87C2D223201E60042FAEA /* Assets.xcassets in Resources */,
				D6D87C28223201E40042FAEA /* Main.storyboard in Resources */,
			);
			runOnlyForDeploymentPostprocessing = 0;
		};
		D6D87C34223201E60042FAEA /* Resources */ = {
			isa = PBXResourcesBuildPhase;
			buildActionMask = 2147483647;
			files = (
			);
			runOnlyForDeploymentPostprocessing = 0;
		};
/* End PBXResourcesBuildPhase section */

/* Begin PBXSourcesBuildPhase section */
		D6D87C1B223201E40042FAEA /* Sources */ = {
			isa = PBXSourcesBuildPhase;
			buildActionMask = 2147483647;
			files = (
				D6D87C2B223201E40042FAEA /* Finite.xcdatamodeld in Sources */,
				D6D87C25223201E40042FAEA /* ViewController.swift in Sources */,
				D6D87C23223201E40042FAEA /* AppDelegate.swift in Sources */,
			);
			runOnlyForDeploymentPostprocessing = 0;
		};
		D6D87C32223201E60042FAEA /* Sources */ = {
			isa = PBXSourcesBuildPhase;
			buildActionMask = 2147483647;
			files = (
				D6D87C3B223201E60042FAEA /* FiniteTests.swift in Sources */,
			);
			runOnlyForDeploymentPostprocessing = 0;
		};
/* End PBXSourcesBuildPhase section */

/* Begin PBXTargetDependency section */
		D6D87C38223201E60042FAEA /* PBXTargetDependency */ = {
			isa = PBXTargetDependency;
			target = D6D87C1E223201E40042FAEA /* Finite */;
			targetProxy = D6D87C37223201E60042FAEA /* PBXContainerItemProxy */;
		};
/* End PBXTargetDependency section */

/* Begin PBXVariantGroup section */
		D6D87C26223201E40042FAEA /* Main.storyboard */ = {
			isa = PBXVariantGroup;
			children = (
				D6D87C27223201E40042FAEA /* Base */,
			);
			name = Main.storyboard;
			sourceTree = "<group>";
		};
		D6D87C2E223201E60042FAEA /* LaunchScreen.storyboard */ = {
			isa = PBXVariantGroup;
			children = (
				D6D87C2F223201E60042FAEA /* Base */,
			);
			name = LaunchScreen.storyboard;
			sourceTree = "<group>";
		};
/* End PBXVariantGroup section */

/* Begin XCBuildConfiguration section */
		D6D87C3D223201E60042FAEA /* Debug */ = {
			isa = XCBuildConfiguration;
			buildSettings = {
				ALWAYS_SEARCH_USER_PATHS = NO;
				CLANG_ANALYZER_NONNULL = YES;
				CLANG_ANALYZER_NUMBER_OBJECT_CONVERSION = YES_AGGRESSIVE;
				CLANG_CXX_LANGUAGE_STANDARD = "gnu++14";
				CLANG_CXX_LIBRARY = "libc++";
				CLANG_ENABLE_MODULES = YES;
				CLANG_ENABLE_OBJC_ARC = YES;
				CLANG_ENABLE_OBJC_WEAK = YES;
				CLANG_WARN_BLOCK_CAPTURE_AUTORELEASING = YES;
				CLANG_WARN_BOOL_CONVERSION = YES;
				CLANG_WARN_COMMA = YES;
				CLANG_WARN_CONSTANT_CONVERSION = YES;
				CLANG_WARN_DEPRECATED_OBJC_IMPLEMENTATIONS = YES;
				CLANG_WARN_DIRECT_OBJC_ISA_USAGE = YES_ERROR;
				CLANG_WARN_DOCUMENTATION_COMMENTS = YES;
				CLANG_WARN_EMPTY_BODY = YES;
				CLANG_WARN_ENUM_CONVERSION = YES;
				CLANG_WARN_INFINITE_RECURSION = YES;
				CLANG_WARN_INT_CONVERSION = YES;
				CLANG_WARN_NON_LITERAL_NULL_CONVERSION = YES;
				CLANG_WARN_OBJC_IMPLICIT_RETAIN_SELF = YES;
				CLANG_WARN_OBJC_LITERAL_CONVERSION = YES;
				CLANG_WARN_OBJC_ROOT_CLASS = YES_ERROR;
				CLANG_WARN_RANGE_LOOP_ANALYSIS = YES;
				CLANG_WARN_STRICT_PROTOTYPES = YES;
				CLANG_WARN_SUSPICIOUS_MOVE = YES;
				CLANG_WARN_UNGUARDED_AVAILABILITY = YES_AGGRESSIVE;
				CLANG_WARN_UNREACHABLE_CODE = YES;
				CLANG_WARN__DUPLICATE_METHOD_MATCH = YES;
				CODE_SIGN_IDENTITY = "iPhone Developer";
				COPY_PHASE_STRIP = NO;
				DEBUG_INFORMATION_FORMAT = dwarf;
				ENABLE_STRICT_OBJC_MSGSEND = YES;
				ENABLE_TESTABILITY = YES;
				GCC_C_LANGUAGE_STANDARD = gnu11;
				GCC_DYNAMIC_NO_PIC = NO;
				GCC_NO_COMMON_BLOCKS = YES;
				GCC_OPTIMIZATION_LEVEL = 0;
				GCC_PREPROCESSOR_DEFINITIONS = (
					"DEBUG=1",
					"$(inherited)",
				);
				GCC_WARN_64_TO_32_BIT_CONVERSION = YES;
				GCC_WARN_ABOUT_RETURN_TYPE = YES_ERROR;
				GCC_WARN_UNDECLARED_SELECTOR = YES;
				GCC_WARN_UNINITIALIZED_AUTOS = YES_AGGRESSIVE;
				GCC_WARN_UNUSED_FUNCTION = YES;
				GCC_WARN_UNUSED_VARIABLE = YES;
				IPHONEOS_DEPLOYMENT_TARGET = 12.0;
				MTL_ENABLE_DEBUG_INFO = INCLUDE_SOURCE;
				MTL_FAST_MATH = YES;
				ONLY_ACTIVE_ARCH = YES;
				SDKROOT = iphoneos;
				SWIFT_ACTIVE_COMPILATION_CONDITIONS = DEBUG;
				SWIFT_OPTIMIZATION_LEVEL = "-Onone";
			};
			name = Debug;
		};
		D6D87C3E223201E60042FAEA /* Release */ = {
			isa = XCBuildConfiguration;
			buildSettings = {
				ALWAYS_SEARCH_USER_PATHS = NO;
				CLANG_ANALYZER_NONNULL = YES;
				CLANG_ANALYZER_NUMBER_OBJECT_CONVERSION = YES_AGGRESSIVE;
				CLANG_CXX_LANGUAGE_STANDARD = "gnu++14";
				CLANG_CXX_LIBRARY = "libc++";
				CLANG_ENABLE_MODULES = YES;
				CLANG_ENABLE_OBJC_ARC = YES;
				CLANG_ENABLE_OBJC_WEAK = YES;
				CLANG_WARN_BLOCK_CAPTURE_AUTORELEASING = YES;
				CLANG_WARN_BOOL_CONVERSION = YES;
				CLANG_WARN_COMMA = YES;
				CLANG_WARN_CONSTANT_CONVERSION = YES;
				CLANG_WARN_DEPRECATED_OBJC_IMPLEMENTATIONS = YES;
				CLANG_WARN_DIRECT_OBJC_ISA_USAGE = YES_ERROR;
				CLANG_WARN_DOCUMENTATION_COMMENTS = YES;
				CLANG_WARN_EMPTY_BODY = YES;
				CLANG_WARN_ENUM_CONVERSION = YES;
				CLANG_WARN_INFINITE_RECURSION = YES;
				CLANG_WARN_INT_CONVERSION = YES;
				CLANG_WARN_NON_LITERAL_NULL_CONVERSION = YES;
				CLANG_WARN_OBJC_IMPLICIT_RETAIN_SELF = YES;
				CLANG_WARN_OBJC_LITERAL_CONVERSION = YES;
				CLANG_WARN_OBJC_ROOT_CLASS = YES_ERROR;
				CLANG_WARN_RANGE_LOOP_ANALYSIS = YES;
				CLANG_WARN_STRICT_PROTOTYPES = YES;
				CLANG_WARN_SUSPICIOUS_MOVE = YES;
				CLANG_WARN_UNGUARDED_AVAILABILITY = YES_AGGRESSIVE;
				CLANG_WARN_UNREACHABLE_CODE = YES;
				CLANG_WARN__DUPLICATE_METHOD_MATCH = YES;
				CODE_SIGN_IDENTITY = "iPhone Developer";
				COPY_PHASE_STRIP = NO;
				DEBUG_INFORMATION_FORMAT = "dwarf-with-dsym";
				ENABLE_NS_ASSERTIONS = NO;
				ENABLE_STRICT_OBJC_MSGSEND = YES;
				GCC_C_LANGUAGE_STANDARD = gnu11;
				GCC_NO_COMMON_BLOCKS = YES;
				GCC_WARN_64_TO_32_BIT_CONVERSION = YES;
				GCC_WARN_ABOUT_RETURN_TYPE = YES_ERROR;
				GCC_WARN_UNDECLARED_SELECTOR = YES;
				GCC_WARN_UNINITIALIZED_AUTOS = YES_AGGRESSIVE;
				GCC_WARN_UNUSED_FUNCTION = YES;
				GCC_WARN_UNUSED_VARIABLE = YES;
				IPHONEOS_DEPLOYMENT_TARGET = 12.0;
				MTL_ENABLE_DEBUG_INFO = NO;
				MTL_FAST_MATH = YES;
				SDKROOT = iphoneos;
				SWIFT_COMPILATION_MODE = wholemodule;
				SWIFT_OPTIMIZATION_LEVEL = "-O";
				VALIDATE_PRODUCT = YES;
			};
			name = Release;
		};
		D6D87C40223201E60042FAEA /* Debug */ = {
			isa = XCBuildConfiguration;
			buildSettings = {
				ASSETCATALOG_COMPILER_APPICON_NAME = AppIcon;
				CODE_SIGN_STYLE = Automatic;
				INFOPLIST_FILE = Finite/Info.plist;
				LD_RUNPATH_SEARCH_PATHS = (
					"$(inherited)",
					"@executable_path/Frameworks",
				);
				PRODUCT_BUNDLE_IDENTIFIER = ja.Finite;
				PRODUCT_NAME = "$(TARGET_NAME)";
				SWIFT_VERSION = 4.2;
				TARGETED_DEVICE_FAMILY = "1,2";
			};
			name = Debug;
		};
		D6D87C41223201E60042FAEA /* Release */ = {
			isa = XCBuildConfiguration;
			buildSettings = {
				ASSETCATALOG_COMPILER_APPICON_NAME = AppIcon;
				CODE_SIGN_STYLE = Automatic;
				INFOPLIST_FILE = Finite/Info.plist;
				LD_RUNPATH_SEARCH_PATHS = (
					"$(inherited)",
					"@executable_path/Frameworks",
				);
				PRODUCT_BUNDLE_IDENTIFIER = ja.Finite;
				PRODUCT_NAME = "$(TARGET_NAME)";
				SWIFT_VERSION = 4.2;
				TARGETED_DEVICE_FAMILY = "1,2";
			};
			name = Release;
		};
		D6D87C43223201E60042FAEA /* Debug */ = {
			isa = XCBuildConfiguration;
			buildSettings = {
				ALWAYS_EMBED_SWIFT_STANDARD_LIBRARIES = YES;
				BUNDLE_LOADER = "$(TEST_HOST)";
				CODE_SIGN_STYLE = Automatic;
				INFOPLIST_FILE = FiniteTests/Info.plist;
				LD_RUNPATH_SEARCH_PATHS = (
					"$(inherited)",
					"@executable_path/Frameworks",
					"@loader_path/Frameworks",
				);
				PRODUCT_BUNDLE_IDENTIFIER = ja.FiniteTests;
				PRODUCT_NAME = "$(TARGET_NAME)";
				SWIFT_VERSION = 4.2;
				TARGETED_DEVICE_FAMILY = "1,2";
				TEST_HOST = "$(BUILT_PRODUCTS_DIR)/Finite.app/Finite";
			};
			name = Debug;
		};
		D6D87C44223201E60042FAEA /* Release */ = {
			isa = XCBuildConfiguration;
			buildSettings = {
				ALWAYS_EMBED_SWIFT_STANDARD_LIBRARIES = YES;
				BUNDLE_LOADER = "$(TEST_HOST)";
				CODE_SIGN_STYLE = Automatic;
				INFOPLIST_FILE = FiniteTests/Info.plist;
				LD_RUNPATH_SEARCH_PATHS = (
					"$(inherited)",
					"@executable_path/Frameworks",
					"@loader_path/Frameworks",
				);
				PRODUCT_BUNDLE_IDENTIFIER = ja.FiniteTests;
				PRODUCT_NAME = "$(TARGET_NAME)";
				SWIFT_VERSION = 4.2;
				TARGETED_DEVICE_FAMILY = "1,2";
				TEST_HOST = "$(BUILT_PRODUCTS_DIR)/Finite.app/Finite";
			};
			name = Release;
		};
/* End XCBuildConfiguration section */

/* Begin XCConfigurationList section */
		D6D87C1A223201E40042FAEA /* Build configuration list for PBXProject "Finite" */ = {
			isa = XCConfigurationList;
			buildConfigurations = (
				D6D87C3D223201E60042FAEA /* Debug */,
				D6D87C3E223201E60042FAEA /* Release */,
			);
			defaultConfigurationIsVisible = 0;
			defaultConfigurationName = Release;
		};
		D6D87C3F223201E60042FAEA /* Build configuration list for PBXNativeTarget "Finite" */ = {
			isa = XCConfigurationList;
			buildConfigurations = (
				D6D87C40223201E60042FAEA /* Debug */,
				D6D87C41223201E60042FAEA /* Release */,
			);
			defaultConfigurationIsVisible = 0;
			defaultConfigurationName = Release;
		};
		D6D87C42223201E60042FAEA /* Build configuration list for PBXNativeTarget "FiniteTests" */ = {
			isa = XCConfigurationList;
			buildConfigurations = (
				D6D87C43223201E60042FAEA /* Debug */,
				D6D87C44223201E60042FAEA /* Release */,
			);
			defaultConfigurationIsVisible = 0;
			defaultConfigurationName = Release;
		};
/* End XCConfigurationList section */

/* Begin XCVersionGroup section */
		D6D87C29223201E40042FAEA /* Finite.xcdatamodeld */ = {
			isa = XCVersionGroup;
			children = (
				D6D87C2A223201E40042FAEA /* Finite.xcdatamodel */,
			);
			currentVersion = D6D87C2A223201E40042FAEA /* Finite.xcdatamodel */;
			path = Finite.xcdatamodeld;
			sourceTree = "<group>";
			versionGroupType = wrapper.xcdatamodel;
		};
/* End XCVersionGroup section */
	};
	rootObject = D6D87C17223201E40042FAEA /* Project object */;
}
